// !$*UTF8*$!
{
	archiveVersion = 1;
	classes = {
	};
	objectVersion = 55;
	objects = {

/* Begin PBXBuildFile section */
		0D395946281466E300896C03 /* SampleCity.json in Resources */ = {isa = PBXBuildFile; fileRef = 0D395945281466E300896C03 /* SampleCity.json */; };
		0D3959482814690D00896C03 /* City.swift in Sources */ = {isa = PBXBuildFile; fileRef = 0D3959472814690D00896C03 /* City.swift */; };
		0D3FA68E28172F5E0051DA30 /* GeneralError.swift in Sources */ = {isa = PBXBuildFile; fileRef = 0D3FA68D28172F5E0051DA30 /* GeneralError.swift */; };
		0D3FF27D2818775F0034C687 /* LocationsView.swift in Sources */ = {isa = PBXBuildFile; fileRef = 0D3FF27C2818775F0034C687 /* LocationsView.swift */; };
		0D456D1F2817110C00332093 /* Location.swift in Sources */ = {isa = PBXBuildFile; fileRef = 0D456D1E2817110C00332093 /* Location.swift */; };
		0D456D222817143800332093 /* LocationViewModel.swift in Sources */ = {isa = PBXBuildFile; fileRef = 0D456D212817143800332093 /* LocationViewModel.swift */; };
		0D456D242817172300332093 /* Urls.swift in Sources */ = {isa = PBXBuildFile; fileRef = 0D456D232817172300332093 /* Urls.swift */; };
		0D6BAF0028133D9500B6C6C2 /* WeatherForecastApp.swift in Sources */ = {isa = PBXBuildFile; fileRef = 0D6BAEFF28133D9500B6C6C2 /* WeatherForecastApp.swift */; };
		0D6BAF0228133D9500B6C6C2 /* ForecastView.swift in Sources */ = {isa = PBXBuildFile; fileRef = 0D6BAF0128133D9500B6C6C2 /* ForecastView.swift */; };
		0D6BAF0428133D9600B6C6C2 /* Assets.xcassets in Resources */ = {isa = PBXBuildFile; fileRef = 0D6BAF0328133D9600B6C6C2 /* Assets.xcassets */; };
		0D6BAF0728133D9600B6C6C2 /* Preview Assets.xcassets in Resources */ = {isa = PBXBuildFile; fileRef = 0D6BAF0628133D9600B6C6C2 /* Preview Assets.xcassets */; };
		0D6BAF0E28133F2A00B6C6C2 /* SampleForecast.json in Resources */ = {isa = PBXBuildFile; fileRef = 0D6BAF0D28133F2A00B6C6C2 /* SampleForecast.json */; };
		0D6BAF16281343F500B6C6C2 /* Forecast.swift in Sources */ = {isa = PBXBuildFile; fileRef = 0D6BAF15281343F500B6C6C2 /* Forecast.swift */; };
		0D76BC352814B1F000E31107 /* Extensions.swift in Sources */ = {isa = PBXBuildFile; fileRef = 0D76BC342814B1F000E31107 /* Extensions.swift */; };
/* End PBXBuildFile section */

/* Begin PBXFileReference section */
		0D395945281466E300896C03 /* SampleCity.json */ = {isa = PBXFileReference; lastKnownFileType = text.json; path = SampleCity.json; sourceTree = "<group>"; };
		0D3959472814690D00896C03 /* City.swift */ = {isa = PBXFileReference; lastKnownFileType = sourcecode.swift; path = City.swift; sourceTree = "<group>"; };
		0D3FA68D28172F5E0051DA30 /* GeneralError.swift */ = {isa = PBXFileReference; lastKnownFileType = sourcecode.swift; path = GeneralError.swift; sourceTree = "<group>"; };
		0D3FA68F28173C3D0051DA30 /* Info.plist */ = {isa = PBXFileReference; lastKnownFileType = text.plist; path = Info.plist; sourceTree = "<group>"; };
		0D3FF27C2818775F0034C687 /* LocationsView.swift */ = {isa = PBXFileReference; lastKnownFileType = sourcecode.swift; path = LocationsView.swift; sourceTree = "<group>"; };
		0D456D1E2817110C00332093 /* Location.swift */ = {isa = PBXFileReference; lastKnownFileType = sourcecode.swift; path = Location.swift; sourceTree = "<group>"; };
		0D456D212817143800332093 /* LocationViewModel.swift */ = {isa = PBXFileReference; lastKnownFileType = sourcecode.swift; path = LocationViewModel.swift; sourceTree = "<group>"; };
		0D456D232817172300332093 /* Urls.swift */ = {isa = PBXFileReference; lastKnownFileType = sourcecode.swift; path = Urls.swift; sourceTree = "<group>"; };
		0D6BAEFC28133D9500B6C6C2 /* WeatherForecast.app */ = {isa = PBXFileReference; explicitFileType = wrapper.application; includeInIndex = 0; path = WeatherForecast.app; sourceTree = BUILT_PRODUCTS_DIR; };
		0D6BAEFF28133D9500B6C6C2 /* WeatherForecastApp.swift */ = {isa = PBXFileReference; lastKnownFileType = sourcecode.swift; path = WeatherForecastApp.swift; sourceTree = "<group>"; };
		0D6BAF0128133D9500B6C6C2 /* ForecastView.swift */ = {isa = PBXFileReference; lastKnownFileType = sourcecode.swift; path = ForecastView.swift; sourceTree = "<group>"; };
		0D6BAF0328133D9600B6C6C2 /* Assets.xcassets */ = {isa = PBXFileReference; lastKnownFileType = folder.assetcatalog; path = Assets.xcassets; sourceTree = "<group>"; };
		0D6BAF0628133D9600B6C6C2 /* Preview Assets.xcassets */ = {isa = PBXFileReference; lastKnownFileType = folder.assetcatalog; path = "Preview Assets.xcassets"; sourceTree = "<group>"; };
		0D6BAF0D28133F2A00B6C6C2 /* SampleForecast.json */ = {isa = PBXFileReference; lastKnownFileType = text.json; path = SampleForecast.json; sourceTree = "<group>"; };
		0D6BAF15281343F500B6C6C2 /* Forecast.swift */ = {isa = PBXFileReference; lastKnownFileType = sourcecode.swift; path = Forecast.swift; sourceTree = "<group>"; };
		0D76BC342814B1F000E31107 /* Extensions.swift */ = {isa = PBXFileReference; lastKnownFileType = sourcecode.swift; path = Extensions.swift; sourceTree = "<group>"; };
/* End PBXFileReference section */

/* Begin PBXFrameworksBuildPhase section */
		0D6BAEF928133D9500B6C6C2 /* Frameworks */ = {
			isa = PBXFrameworksBuildPhase;
			buildActionMask = 2147483647;
			files = (
			);
			runOnlyForDeploymentPostprocessing = 0;
		};
/* End PBXFrameworksBuildPhase section */

/* Begin PBXGroup section */
		0D39594928146C2100896C03 /* SampleData */ = {
			isa = PBXGroup;
			children = (
				0D395945281466E300896C03 /* SampleCity.json */,
				0D6BAF0D28133F2A00B6C6C2 /* SampleForecast.json */,
			);
			path = SampleData;
			sourceTree = "<group>";
		};
		0D39594A28146C4400896C03 /* Models */ = {
			isa = PBXGroup;
			children = (
				0D6BAF15281343F500B6C6C2 /* Forecast.swift */,
				0D3959472814690D00896C03 /* City.swift */,
				0D456D1E2817110C00332093 /* Location.swift */,
			);
			path = Models;
			sourceTree = "<group>";
		};
		0D456D1D281710B800332093 /* Views */ = {
			isa = PBXGroup;
			children = (
				0D6BAF0128133D9500B6C6C2 /* ForecastView.swift */,
				0D3FF27C2818775F0034C687 /* LocationsView.swift */,
			);
			path = Views;
			sourceTree = "<group>";
		};
		0D456D202817141000332093 /* ViewModel */ = {
			isa = PBXGroup;
			children = (
				0D456D212817143800332093 /* LocationViewModel.swift */,
			);
			path = ViewModel;
			sourceTree = "<group>";
		};
		0D6BAEF328133D9500B6C6C2 = {
			isa = PBXGroup;
			children = (
				0D6BAEFE28133D9500B6C6C2 /* WeatherForecast */,
				0D6BAEFD28133D9500B6C6C2 /* Products */,
			);
			sourceTree = "<group>";
		};
		0D6BAEFD28133D9500B6C6C2 /* Products */ = {
			isa = PBXGroup;
			children = (
				0D6BAEFC28133D9500B6C6C2 /* WeatherForecast.app */,
			);
			name = Products;
			sourceTree = "<group>";
		};
		0D6BAEFE28133D9500B6C6C2 /* WeatherForecast */ = {
			isa = PBXGroup;
			children = (
				0D3FA68F28173C3D0051DA30 /* Info.plist */,
				0D6BAEFF28133D9500B6C6C2 /* WeatherForecastApp.swift */,
				0D456D202817141000332093 /* ViewModel */,
				0D456D1D281710B800332093 /* Views */,
				0D39594A28146C4400896C03 /* Models */,
				0D6BAF12281342D300B6C6C2 /* Utils */,
				0D6BAF0328133D9600B6C6C2 /* Assets.xcassets */,
				0D6BAF0528133D9600B6C6C2 /* Preview Content */,
				0D39594928146C2100896C03 /* SampleData */,
			);
			path = WeatherForecast;
			sourceTree = "<group>";
		};
		0D6BAF0528133D9600B6C6C2 /* Preview Content */ = {
			isa = PBXGroup;
			children = (
				0D6BAF0628133D9600B6C6C2 /* Preview Assets.xcassets */,
			);
			path = "Preview Content";
			sourceTree = "<group>";
		};
		0D6BAF12281342D300B6C6C2 /* Utils */ = {
			isa = PBXGroup;
			children = (
				0D76BC342814B1F000E31107 /* Extensions.swift */,
				0D456D232817172300332093 /* Urls.swift */,
				0D3FA68D28172F5E0051DA30 /* GeneralError.swift */,
			);
			path = Utils;
			sourceTree = "<group>";
		};
/* End PBXGroup section */

/* Begin PBXNativeTarget section */
		0D6BAEFB28133D9500B6C6C2 /* WeatherForecast */ = {
			isa = PBXNativeTarget;
			buildConfigurationList = 0D6BAF0A28133D9600B6C6C2 /* Build configuration list for PBXNativeTarget "WeatherForecast" */;
			buildPhases = (
				0D6BAEF828133D9500B6C6C2 /* Sources */,
				0D6BAEF928133D9500B6C6C2 /* Frameworks */,
				0D6BAEFA28133D9500B6C6C2 /* Resources */,
			);
			buildRules = (
			);
			dependencies = (
			);
			name = WeatherForecast;
			productName = WeatherForecast;
			productReference = 0D6BAEFC28133D9500B6C6C2 /* WeatherForecast.app */;
			productType = "com.apple.product-type.application";
		};
/* End PBXNativeTarget section */

/* Begin PBXProject section */
		0D6BAEF428133D9500B6C6C2 /* Project object */ = {
			isa = PBXProject;
			attributes = {
				BuildIndependentTargetsInParallel = 1;
				LastSwiftUpdateCheck = 1300;
				LastUpgradeCheck = 1300;
				TargetAttributes = {
					0D6BAEFB28133D9500B6C6C2 = {
						CreatedOnToolsVersion = 13.0;
					};
				};
			};
			buildConfigurationList = 0D6BAEF728133D9500B6C6C2 /* Build configuration list for PBXProject "WeatherForecast" */;
			compatibilityVersion = "Xcode 13.0";
			developmentRegion = en;
			hasScannedForEncodings = 0;
			knownRegions = (
				en,
				Base,
			);
			mainGroup = 0D6BAEF328133D9500B6C6C2;
			productRefGroup = 0D6BAEFD28133D9500B6C6C2 /* Products */;
			projectDirPath = "";
			projectRoot = "";
			targets = (
				0D6BAEFB28133D9500B6C6C2 /* WeatherForecast */,
			);
		};
/* End PBXProject section */

/* Begin PBXResourcesBuildPhase section */
		0D6BAEFA28133D9500B6C6C2 /* Resources */ = {
			isa = PBXResourcesBuildPhase;
			buildActionMask = 2147483647;
			files = (
				0D6BAF0728133D9600B6C6C2 /* Preview Assets.xcassets in Resources */,
				0D395946281466E300896C03 /* SampleCity.json in Resources */,
				0D6BAF0428133D9600B6C6C2 /* Assets.xcassets in Resources */,
				0D6BAF0E28133F2A00B6C6C2 /* SampleForecast.json in Resources */,
			);
			runOnlyForDeploymentPostprocessing = 0;
		};
/* End PBXResourcesBuildPhase section */

/* Begin PBXSourcesBuildPhase section */
		0D6BAEF828133D9500B6C6C2 /* Sources */ = {
			isa = PBXSourcesBuildPhase;
			buildActionMask = 2147483647;
			files = (
				0D76BC352814B1F000E31107 /* Extensions.swift in Sources */,
				0D6BAF16281343F500B6C6C2 /* Forecast.swift in Sources */,
				0D6BAF0228133D9500B6C6C2 /* ForecastView.swift in Sources */,
				0D456D242817172300332093 /* Urls.swift in Sources */,
				0D3959482814690D00896C03 /* City.swift in Sources */,
				0D456D222817143800332093 /* LocationViewModel.swift in Sources */,
				0D456D1F2817110C00332093 /* Location.swift in Sources */,
				0D3FF27D2818775F0034C687 /* LocationsView.swift in Sources */,
				0D6BAF0028133D9500B6C6C2 /* WeatherForecastApp.swift in Sources */,
				0D3FA68E28172F5E0051DA30 /* GeneralError.swift in Sources */,
			);
			runOnlyForDeploymentPostprocessing = 0;
		};
/* End PBXSourcesBuildPhase section */

/* Begin XCBuildConfiguration section */
		0D6BAF0828133D9600B6C6C2 /* Debug */ = {
			isa = XCBuildConfiguration;
			buildSettings = {
				ALWAYS_SEARCH_USER_PATHS = NO;
				CLANG_ANALYZER_NONNULL = YES;
				CLANG_ANALYZER_NUMBER_OBJECT_CONVERSION = YES_AGGRESSIVE;
				CLANG_CXX_LANGUAGE_STANDARD = "gnu++17";
				CLANG_CXX_LIBRARY = "libc++";
				CLANG_ENABLE_MODULES = YES;
				CLANG_ENABLE_OBJC_ARC = YES;
				CLANG_ENABLE_OBJC_WEAK = YES;
				CLANG_WARN_BLOCK_CAPTURE_AUTORELEASING = YES;
				CLANG_WARN_BOOL_CONVERSION = YES;
				CLANG_WARN_COMMA = YES;
				CLANG_WARN_CONSTANT_CONVERSION = YES;
				CLANG_WARN_DEPRECATED_OBJC_IMPLEMENTATIONS = YES;
				CLANG_WARN_DIRECT_OBJC_ISA_USAGE = YES_ERROR;
				CLANG_WARN_DOCUMENTATION_COMMENTS = YES;
				CLANG_WARN_EMPTY_BODY = YES;
				CLANG_WARN_ENUM_CONVERSION = YES;
				CLANG_WARN_INFINITE_RECURSION = YES;
				CLANG_WARN_INT_CONVERSION = YES;
				CLANG_WARN_NON_LITERAL_NULL_CONVERSION = YES;
				CLANG_WARN_OBJC_IMPLICIT_RETAIN_SELF = YES;
				CLANG_WARN_OBJC_LITERAL_CONVERSION = YES;
				CLANG_WARN_OBJC_ROOT_CLASS = YES_ERROR;
				CLANG_WARN_QUOTED_INCLUDE_IN_FRAMEWORK_HEADER = YES;
				CLANG_WARN_RANGE_LOOP_ANALYSIS = YES;
				CLANG_WARN_STRICT_PROTOTYPES = YES;
				CLANG_WARN_SUSPICIOUS_MOVE = YES;
				CLANG_WARN_UNGUARDED_AVAILABILITY = YES_AGGRESSIVE;
				CLANG_WARN_UNREACHABLE_CODE = YES;
				CLANG_WARN__DUPLICATE_METHOD_MATCH = YES;
				COPY_PHASE_STRIP = NO;
				DEBUG_INFORMATION_FORMAT = dwarf;
				ENABLE_STRICT_OBJC_MSGSEND = YES;
				ENABLE_TESTABILITY = YES;
				GCC_C_LANGUAGE_STANDARD = gnu11;
				GCC_DYNAMIC_NO_PIC = NO;
				GCC_NO_COMMON_BLOCKS = YES;
				GCC_OPTIMIZATION_LEVEL = 0;
				GCC_PREPROCESSOR_DEFINITIONS = (
					"DEBUG=1",
					"$(inherited)",
				);
				GCC_WARN_64_TO_32_BIT_CONVERSION = YES;
				GCC_WARN_ABOUT_RETURN_TYPE = YES_ERROR;
				GCC_WARN_UNDECLARED_SELECTOR = YES;
				GCC_WARN_UNINITIALIZED_AUTOS = YES_AGGRESSIVE;
				GCC_WARN_UNUSED_FUNCTION = YES;
				GCC_WARN_UNUSED_VARIABLE = YES;
				IPHONEOS_DEPLOYMENT_TARGET = 15.0;
				MTL_ENABLE_DEBUG_INFO = INCLUDE_SOURCE;
				MTL_FAST_MATH = YES;
				ONLY_ACTIVE_ARCH = YES;
				SDKROOT = iphoneos;
				SWIFT_ACTIVE_COMPILATION_CONDITIONS = DEBUG;
				SWIFT_OPTIMIZATION_LEVEL = "-Onone";
			};
			name = Debug;
		};
		0D6BAF0928133D9600B6C6C2 /* Release */ = {
			isa = XCBuildConfiguration;
			buildSettings = {
				ALWAYS_SEARCH_USER_PATHS = NO;
				CLANG_ANALYZER_NONNULL = YES;
				CLANG_ANALYZER_NUMBER_OBJECT_CONVERSION = YES_AGGRESSIVE;
				CLANG_CXX_LANGUAGE_STANDARD = "gnu++17";
				CLANG_CXX_LIBRARY = "libc++";
				CLANG_ENABLE_MODULES = YES;
				CLANG_ENABLE_OBJC_ARC = YES;
				CLANG_ENABLE_OBJC_WEAK = YES;
				CLANG_WARN_BLOCK_CAPTURE_AUTORELEASING = YES;
				CLANG_WARN_BOOL_CONVERSION = YES;
				CLANG_WARN_COMMA = YES;
				CLANG_WARN_CONSTANT_CONVERSION = YES;
				CLANG_WARN_DEPRECATED_OBJC_IMPLEMENTATIONS = YES;
				CLANG_WARN_DIRECT_OBJC_ISA_USAGE = YES_ERROR;
				CLANG_WARN_DOCUMENTATION_COMMENTS = YES;
				CLANG_WARN_EMPTY_BODY = YES;
				CLANG_WARN_ENUM_CONVERSION = YES;
				CLANG_WARN_INFINITE_RECURSION = YES;
				CLANG_WARN_INT_CONVERSION = YES;
				CLANG_WARN_NON_LITERAL_NULL_CONVERSION = YES;
				CLANG_WARN_OBJC_IMPLICIT_RETAIN_SELF = YES;
				CLANG_WARN_OBJC_LITERAL_CONVERSION = YES;
				CLANG_WARN_OBJC_ROOT_CLASS = YES_ERROR;
				CLANG_WARN_QUOTED_INCLUDE_IN_FRAMEWORK_HEADER = YES;
				CLANG_WARN_RANGE_LOOP_ANALYSIS = YES;
				CLANG_WARN_STRICT_PROTOTYPES = YES;
				CLANG_WARN_SUSPICIOUS_MOVE = YES;
				CLANG_WARN_UNGUARDED_AVAILABILITY = YES_AGGRESSIVE;
				CLANG_WARN_UNREACHABLE_CODE = YES;
				CLANG_WARN__DUPLICATE_METHOD_MATCH = YES;
				COPY_PHASE_STRIP = NO;
				DEBUG_INFORMATION_FORMAT = "dwarf-with-dsym";
				ENABLE_NS_ASSERTIONS = NO;
				ENABLE_STRICT_OBJC_MSGSEND = YES;
				GCC_C_LANGUAGE_STANDARD = gnu11;
				GCC_NO_COMMON_BLOCKS = YES;
				GCC_WARN_64_TO_32_BIT_CONVERSION = YES;
				GCC_WARN_ABOUT_RETURN_TYPE = YES_ERROR;
				GCC_WARN_UNDECLARED_SELECTOR = YES;
				GCC_WARN_UNINITIALIZED_AUTOS = YES_AGGRESSIVE;
				GCC_WARN_UNUSED_FUNCTION = YES;
				GCC_WARN_UNUSED_VARIABLE = YES;
				IPHONEOS_DEPLOYMENT_TARGET = 15.0;
				MTL_ENABLE_DEBUG_INFO = NO;
				MTL_FAST_MATH = YES;
				SDKROOT = iphoneos;
				SWIFT_COMPILATION_MODE = wholemodule;
				SWIFT_OPTIMIZATION_LEVEL = "-O";
				VALIDATE_PRODUCT = YES;
			};
			name = Release;
		};
		0D6BAF0B28133D9600B6C6C2 /* Debug */ = {
			isa = XCBuildConfiguration;
			buildSettings = {
				ASSETCATALOG_COMPILER_APPICON_NAME = AppIcon;
				ASSETCATALOG_COMPILER_GLOBAL_ACCENT_COLOR_NAME = AccentColor;
				CODE_SIGN_STYLE = Automatic;
				CURRENT_PROJECT_VERSION = 1;
				DEVELOPMENT_ASSET_PATHS = "\"WeatherForecast/Preview Content\"";
				DEVELOPMENT_TEAM = 3S3M2US2NF;
				ENABLE_PREVIEWS = YES;
				GENERATE_INFOPLIST_FILE = YES;
				INFOPLIST_FILE = WeatherForecast/Info.plist;
				INFOPLIST_KEY_CFBundleDisplayName = "";
				INFOPLIST_KEY_LSApplicationCategoryType = "";
				INFOPLIST_KEY_UIApplicationSceneManifest_Generation = YES;
				INFOPLIST_KEY_UIApplicationSupportsIndirectInputEvents = YES;
				INFOPLIST_KEY_UILaunchScreen_Generation = YES;
				INFOPLIST_KEY_UISupportedInterfaceOrientations_iPad = "UIInterfaceOrientationPortrait UIInterfaceOrientationPortraitUpsideDown UIInterfaceOrientationLandscapeLeft UIInterfaceOrientationLandscapeRight";
				INFOPLIST_KEY_UISupportedInterfaceOrientations_iPhone = "UIInterfaceOrientationPortrait UIInterfaceOrientationLandscapeLeft UIInterfaceOrientationLandscapeRight";
				IPHONEOS_DEPLOYMENT_TARGET = 15.0;
				LD_RUNPATH_SEARCH_PATHS = (
					"$(inherited)",
					"@executable_path/Frameworks",
				);
				MARKETING_VERSION = 1.0;
				PRODUCT_BUNDLE_IDENTIFIER = tr.tasdemir.app.test.WeatherForecast;
				PRODUCT_NAME = "$(TARGET_NAME)";
				SWIFT_EMIT_LOC_STRINGS = YES;
				SWIFT_VERSION = 5.0;
				TARGETED_DEVICE_FAMILY = "1,2";
			};
			name = Debug;
		};
		0D6BAF0C28133D9600B6C6C2 /* Release */ = {
			isa = XCBuildConfiguration;
			buildSettings = {
				ASSETCATALOG_COMPILER_APPICON_NAME = AppIcon;
				ASSETCATALOG_COMPILER_GLOBAL_ACCENT_COLOR_NAME = AccentColor;
				CODE_SIGN_STYLE = Automatic;
				CURRENT_PROJECT_VERSION = 1;
				DEVELOPMENT_ASSET_PATHS = "\"WeatherForecast/Preview Content\"";
				DEVELOPMENT_TEAM = 3S3M2US2NF;
				ENABLE_PREVIEWS = YES;
				GENERATE_INFOPLIST_FILE = YES;
				INFOPLIST_FILE = WeatherForecast/Info.plist;
				INFOPLIST_KEY_CFBundleDisplayName = "";
				INFOPLIST_KEY_LSApplicationCategoryType = "";
				INFOPLIST_KEY_UIApplicationSceneManifest_Generation = YES;
				INFOPLIST_KEY_UIApplicationSupportsIndirectInputEvents = YES;
				INFOPLIST_KEY_UILaunchScreen_Generation = YES;
				INFOPLIST_KEY_UISupportedInterfaceOrientations_iPad = "UIInterfaceOrientationPortrait UIInterfaceOrientationPortraitUpsideDown UIInterfaceOrientationLandscapeLeft UIInterfaceOrientationLandscapeRight";
				INFOPLIST_KEY_UISupportedInterfaceOrientations_iPhone = "UIInterfaceOrientationPortrait UIInterfaceOrientationLandscapeLeft UIInterfaceOrientationLandscapeRight";
				IPHONEOS_DEPLOYMENT_TARGET = 15.0;
				LD_RUNPATH_SEARCH_PATHS = (
					"$(inherited)",
					"@executable_path/Frameworks",
				);
				MARKETING_VERSION = 1.0;
				PRODUCT_BUNDLE_IDENTIFIER = tr.tasdemir.app.test.WeatherForecast;
				PRODUCT_NAME = "$(TARGET_NAME)";
				SWIFT_EMIT_LOC_STRINGS = YES;
				SWIFT_VERSION = 5.0;
				TARGETED_DEVICE_FAMILY = "1,2";
			};
			name = Release;
		};
/* End XCBuildConfiguration section */

/* Begin XCConfigurationList section */
		0D6BAEF728133D9500B6C6C2 /* Build configuration list for PBXProject "WeatherForecast" */ = {
			isa = XCConfigurationList;
			buildConfigurations = (
				0D6BAF0828133D9600B6C6C2 /* Debug */,
				0D6BAF0928133D9600B6C6C2 /* Release */,
			);
			defaultConfigurationIsVisible = 0;
			defaultConfigurationName = Release;
		};
		0D6BAF0A28133D9600B6C6C2 /* Build configuration list for PBXNativeTarget "WeatherForecast" */ = {
			isa = XCConfigurationList;
			buildConfigurations = (
				0D6BAF0B28133D9600B6C6C2 /* Debug */,
				0D6BAF0C28133D9600B6C6C2 /* Release */,
			);
			defaultConfigurationIsVisible = 0;
			defaultConfigurationName = Release;
		};
/* End XCConfigurationList section */
	};
	rootObject = 0D6BAEF428133D9500B6C6C2 /* Project object */;
}
